
Microsoft Visual Studio Solution File, Format Version 12.00
# Visual Studio Version 17
VisualStudioVersion = 17.4.33213.308
MinimumVisualStudioVersion = 10.0.40219.1
Project("{9A19103F-16F7-4668-BE54-9A1E7A4F7556}") = "AplicacionMatematica", "AplicacionMatematica.csproj", "{F7A013A7-AFCE-4E5D-B199-04796F34ADCD}"
EndProject
Project("{9A19103F-16F7-4668-BE54-9A1E7A4F7556}") = "AcopleActividades", "AcopleActividades\AcopleActividades.csproj", "{CD3BD04B-DEB6-43A0-8575-40E903FAE54F}"
EndProject
Project("{9A19103F-16F7-4668-BE54-9A1E7A4F7556}") = "EjercicioDado", "EjercicioDado\EjercicioDado.csproj", "{13976DCC-F583-4516-8989-16137BD6E767}"
EndProject
Project("{9A19103F-16F7-4668-BE54-9A1E7A4F7556}") = "EjercicioModa", "EjercicioModa\EjercicioModa.csproj", "{BFD46FA6-26D2-4AEA-92D0-32F950EFDD81}"
EndProject
Project("{9A19103F-16F7-4668-BE54-9A1E7A4F7556}") = "EncriptadoDeCesar", "EncriptadoDeCesar\EncriptadoDeCesar.csproj", "{FDF3FB4F-D4EC-49FD-ABAA-74BAE1231BBB}"
EndProject
Project("{9A19103F-16F7-4668-BE54-9A1E7A4F7556}") = "ManejoDeFechas", "ManejoDeFechas\ManejoDeFechas.csproj", "{5019EEAC-9ED0-4762-98D2-CB127D7216AA}"
EndProject
Project("{9A19103F-16F7-4668-BE54-9A1E7A4F7556}") = "EjercicioHerencia", "EjercicioHerencia\EjercicioHerencia.csproj", "{7FA16DAA-A5F0-4B24-B7EB-5251097E84E6}"
EndProject
Project("{9A19103F-16F7-4668-BE54-9A1E7A4F7556}") = "EjercicioInterfaces", "EjercicioInterfaces\EjercicioInterfaces.csproj", "{F7A13902-99E9-49A5-9D7D-D07EF3CC1645}"
EndProject
Project("{9A19103F-16F7-4668-BE54-9A1E7A4F7556}") = "Calculadora", "Calculadora\Calculadora.csproj", "{809F1043-BFF9-46BE-AA5A-B93F129303A3}"
EndProject
Project("{9A19103F-16F7-4668-BE54-9A1E7A4F7556}") = "EjercicioArchivos", "EjercicioArchivos\EjercicioArchivos.csproj", "{7F89D9FD-9F0C-45E6-96AC-1E375E3B65F8}"
EndProject
Project("{9A19103F-16F7-4668-BE54-9A1E7A4F7556}") = "SimonDice", "SimonDice\SimonDice.csproj", "{B7A83D80-16F4-447E-9406-FCEB4A141082}"
EndProject
Project("{2150E333-8FDC-42A3-9474-1A3956D46DE8}") = "Aplicaciones de Consola", "Aplicaciones de Consola", "{44779CA4-6D84-42FD-94AA-9959F8DAA175}"
EndProject
Project("{2150E333-8FDC-42A3-9474-1A3956D46DE8}") = "Aplicaciones Visuales", "Aplicaciones Visuales", "{D4935A36-458E-458B-BA5B-E4D45E71505B}"
EndProject
Project("{FAE04EC0-301F-11D3-BF4B-00C04F79EFBC}") = "Typing Fast", "Typing Fast\Typing Fast.csproj", "{1291FD34-EC8D-4E68-82A0-326CE9E76CC6}"
EndProject
Global
	GlobalSection(SolutionConfigurationPlatforms) = preSolution
		Debug|Any CPU = Debug|Any CPU
		Release|Any CPU = Release|Any CPU
	EndGlobalSection
	GlobalSection(ProjectConfigurationPlatforms) = postSolution
		{F7A013A7-AFCE-4E5D-B199-04796F34ADCD}.Debug|Any CPU.ActiveCfg = Debug|Any CPU
		{F7A013A7-AFCE-4E5D-B199-04796F34ADCD}.Debug|Any CPU.Build.0 = Debug|Any CPU
		{F7A013A7-AFCE-4E5D-B199-04796F34ADCD}.Release|Any CPU.ActiveCfg = Release|Any CPU
		{F7A013A7-AFCE-4E5D-B199-04796F34ADCD}.Release|Any CPU.Build.0 = Release|Any CPU
		{CD3BD04B-DEB6-43A0-8575-40E903FAE54F}.Debug|Any CPU.ActiveCfg = Debug|Any CPU
		{CD3BD04B-DEB6-43A0-8575-40E903FAE54F}.Debug|Any CPU.Build.0 = Debug|Any CPU
		{CD3BD04B-DEB6-43A0-8575-40E903FAE54F}.Release|Any CPU.ActiveCfg = Release|Any CPU
		{CD3BD04B-DEB6-43A0-8575-40E903FAE54F}.Release|Any CPU.Build.0 = Release|Any CPU
		{13976DCC-F583-4516-8989-16137BD6E767}.Debug|Any CPU.ActiveCfg = Debug|Any CPU
		{13976DCC-F583-4516-8989-16137BD6E767}.Debug|Any CPU.Build.0 = Debug|Any CPU
		{13976DCC-F583-4516-8989-16137BD6E767}.Release|Any CPU.ActiveCfg = Release|Any CPU
		{13976DCC-F583-4516-8989-16137BD6E767}.Release|Any CPU.Build.0 = Release|Any CPU
		{BFD46FA6-26D2-4AEA-92D0-32F950EFDD81}.Debug|Any CPU.ActiveCfg = Debug|Any CPU
		{BFD46FA6-26D2-4AEA-92D0-32F950EFDD81}.Debug|Any CPU.Build.0 = Debug|Any CPU
		{BFD46FA6-26D2-4AEA-92D0-32F950EFDD81}.Release|Any CPU.ActiveCfg = Release|Any CPU
		{BFD46FA6-26D2-4AEA-92D0-32F950EFDD81}.Release|Any CPU.Build.0 = Release|Any CPU
		{FDF3FB4F-D4EC-49FD-ABAA-74BAE1231BBB}.Debug|Any CPU.ActiveCfg = Debug|Any CPU
		{FDF3FB4F-D4EC-49FD-ABAA-74BAE1231BBB}.Debug|Any CPU.Build.0 = Debug|Any CPU
		{FDF3FB4F-D4EC-49FD-ABAA-74BAE1231BBB}.Release|Any CPU.ActiveCfg = Release|Any CPU
		{FDF3FB4F-D4EC-49FD-ABAA-74BAE1231BBB}.Release|Any CPU.Build.0 = Release|Any CPU
		{5019EEAC-9ED0-4762-98D2-CB127D7216AA}.Debug|Any CPU.ActiveCfg = Debug|Any CPU
		{5019EEAC-9ED0-4762-98D2-CB127D7216AA}.Debug|Any CPU.Build.0 = Debug|Any CPU
		{5019EEAC-9ED0-4762-98D2-CB127D7216AA}.Release|Any CPU.ActiveCfg = Release|Any CPU
		{5019EEAC-9ED0-4762-98D2-CB127D7216AA}.Release|Any CPU.Build.0 = Release|Any CPU
		{7FA16DAA-A5F0-4B24-B7EB-5251097E84E6}.Debug|Any CPU.ActiveCfg = Debug|Any CPU
		{7FA16DAA-A5F0-4B24-B7EB-5251097E84E6}.Debug|Any CPU.Build.0 = Debug|Any CPU
		{7FA16DAA-A5F0-4B24-B7EB-5251097E84E6}.Release|Any CPU.ActiveCfg = Release|Any CPU
		{7FA16DAA-A5F0-4B24-B7EB-5251097E84E6}.Release|Any CPU.Build.0 = Release|Any CPU
		{F7A13902-99E9-49A5-9D7D-D07EF3CC1645}.Debug|Any CPU.ActiveCfg = Debug|Any CPU
		{F7A13902-99E9-49A5-9D7D-D07EF3CC1645}.Debug|Any CPU.Build.0 = Debug|Any CPU
		{F7A13902-99E9-49A5-9D7D-D07EF3CC1645}.Release|Any CPU.ActiveCfg = Release|Any CPU
		{F7A13902-99E9-49A5-9D7D-D07EF3CC1645}.Release|Any CPU.Build.0 = Release|Any CPU
		{809F1043-BFF9-46BE-AA5A-B93F129303A3}.Debug|Any CPU.ActiveCfg = Debug|Any CPU
		{809F1043-BFF9-46BE-AA5A-B93F129303A3}.Debug|Any CPU.Build.0 = Debug|Any CPU
		{809F1043-BFF9-46BE-AA5A-B93F129303A3}.Release|Any CPU.ActiveCfg = Release|Any CPU
		{809F1043-BFF9-46BE-AA5A-B93F129303A3}.Release|Any CPU.Build.0 = Release|Any CPU
		{7F89D9FD-9F0C-45E6-96AC-1E375E3B65F8}.Debug|Any CPU.ActiveCfg = Debug|Any CPU
		{7F89D9FD-9F0C-45E6-96AC-1E375E3B65F8}.Debug|Any CPU.Build.0 = Debug|Any CPU
		{7F89D9FD-9F0C-45E6-96AC-1E375E3B65F8}.Release|Any CPU.ActiveCfg = Release|Any CPU
		{7F89D9FD-9F0C-45E6-96AC-1E375E3B65F8}.Release|Any CPU.Build.0 = Release|Any CPU
		{B7A83D80-16F4-447E-9406-FCEB4A141082}.Debug|Any CPU.ActiveCfg = Debug|Any CPU
		{B7A83D80-16F4-447E-9406-FCEB4A141082}.Debug|Any CPU.Build.0 = Debug|Any CPU
		{B7A83D80-16F4-447E-9406-FCEB4A141082}.Release|Any CPU.ActiveCfg = Release|Any CPU
		{B7A83D80-16F4-447E-9406-FCEB4A141082}.Release|Any CPU.Build.0 = Release|Any CPU
		{1291FD34-EC8D-4E68-82A0-326CE9E76CC6}.Debug|Any CPU.ActiveCfg = Debug|Any CPU
		{1291FD34-EC8D-4E68-82A0-326CE9E76CC6}.Debug|Any CPU.Build.0 = Debug|Any CPU
		{1291FD34-EC8D-4E68-82A0-326CE9E76CC6}.Release|Any CPU.ActiveCfg = Release|Any CPU
		{1291FD34-EC8D-4E68-82A0-326CE9E76CC6}.Release|Any CPU.Build.0 = Release|Any CPU
	EndGlobalSection
	GlobalSection(SolutionProperties) = preSolution
		HideSolutionNode = FALSE
	EndGlobalSection
	GlobalSection(NestedProjects) = preSolution
		{F7A013A7-AFCE-4E5D-B199-04796F34ADCD} = {44779CA4-6D84-42FD-94AA-9959F8DAA175}
		{CD3BD04B-DEB6-43A0-8575-40E903FAE54F} = {44779CA4-6D84-42FD-94AA-9959F8DAA175}
		{13976DCC-F583-4516-8989-16137BD6E767} = {44779CA4-6D84-42FD-94AA-9959F8DAA175}
		{BFD46FA6-26D2-4AEA-92D0-32F950EFDD81} = {44779CA4-6D84-42FD-94AA-9959F8DAA175}
		{FDF3FB4F-D4EC-49FD-ABAA-74BAE1231BBB} = {44779CA4-6D84-42FD-94AA-9959F8DAA175}
		{5019EEAC-9ED0-4762-98D2-CB127D7216AA} = {44779CA4-6D84-42FD-94AA-9959F8DAA175}
		{7FA16DAA-A5F0-4B24-B7EB-5251097E84E6} = {44779CA4-6D84-42FD-94AA-9959F8DAA175}
		{F7A13902-99E9-49A5-9D7D-D07EF3CC1645} = {44779CA4-6D84-42FD-94AA-9959F8DAA175}
		{809F1043-BFF9-46BE-AA5A-B93F129303A3} = {D4935A36-458E-458B-BA5B-E4D45E71505B}
		{7F89D9FD-9F0C-45E6-96AC-1E375E3B65F8} = {D4935A36-458E-458B-BA5B-E4D45E71505B}
		{B7A83D80-16F4-447E-9406-FCEB4A141082} = {D4935A36-458E-458B-BA5B-E4D45E71505B}
	EndGlobalSection
	GlobalSection(ExtensibilityGlobals) = postSolution
		SolutionGuid = {E920AB47-8631-4454-9DAC-9CECAF3EC62F}
	EndGlobalSection
EndGlobal
