
Microsoft Visual Studio Solution File, Format Version 12.00
# Visual Studio Version 17
VisualStudioVersion = 17.4.33213.308
MinimumVisualStudioVersion = 10.0.40219.1
Project("{FAE04EC0-301F-11D3-BF4B-00C04F79EFBC}") = "Laboratorio III", "Laboratorio III.csproj", "{94C35185-9B2A-4DB3-ADC3-6F82D227923F}"
EndProject
Global
	GlobalSection(SolutionConfigurationPlatforms) = preSolution
		Debug|Any CPU = Debug|Any CPU
		Release|Any CPU = Release|Any CPU
	EndGlobalSection
	GlobalSection(ProjectConfigurationPlatforms) = postSolution
		{94C35185-9B2A-4DB3-ADC3-6F82D227923F}.Debug|Any CPU.ActiveCfg = Debug|Any CPU
		{94C35185-9B2A-4DB3-ADC3-6F82D227923F}.Debug|Any CPU.Build.0 = Debug|Any CPU
		{94C35185-9B2A-4DB3-ADC3-6F82D227923F}.Release|Any CPU.ActiveCfg = Release|Any CPU
		{94C35185-9B2A-4DB3-ADC3-6F82D227923F}.Release|Any CPU.Build.0 = Release|Any CPU
	EndGlobalSection
	GlobalSection(SolutionProperties) = preSolution
		HideSolutionNode = FALSE
	EndGlobalSection
	GlobalSection(ExtensibilityGlobals) = postSolution
		SolutionGuid = {81DBD98E-EFEB-4746-BDE8-24275E67B948}
	EndGlobalSection
EndGlobal
