
Microsoft Visual Studio Solution File, Format Version 12.00
# Visual Studio Version 17
VisualStudioVersion = 17.4.33213.308
MinimumVisualStudioVersion = 10.0.40219.1
Project("{FAE04EC0-301F-11D3-BF4B-00C04F79EFBC}") = "HistoriasClinicas", "HistoriasClinicas.csproj", "{9FFBC0A7-9251-4651-A6C5-8C97DFCA4FE4}"
EndProject
Global
	GlobalSection(SolutionConfigurationPlatforms) = preSolution
		Debug|Any CPU = Debug|Any CPU
		Release|Any CPU = Release|Any CPU
	EndGlobalSection
	GlobalSection(ProjectConfigurationPlatforms) = postSolution
		{9FFBC0A7-9251-4651-A6C5-8C97DFCA4FE4}.Debug|Any CPU.ActiveCfg = Debug|Any CPU
		{9FFBC0A7-9251-4651-A6C5-8C97DFCA4FE4}.Debug|Any CPU.Build.0 = Debug|Any CPU
		{9FFBC0A7-9251-4651-A6C5-8C97DFCA4FE4}.Release|Any CPU.ActiveCfg = Release|Any CPU
		{9FFBC0A7-9251-4651-A6C5-8C97DFCA4FE4}.Release|Any CPU.Build.0 = Release|Any CPU
	EndGlobalSection
	GlobalSection(SolutionProperties) = preSolution
		HideSolutionNode = FALSE
	EndGlobalSection
	GlobalSection(ExtensibilityGlobals) = postSolution
		SolutionGuid = {66AD6C95-E1D5-4A08-B1B3-C070FC3E91B9}
	EndGlobalSection
EndGlobal
